
Microsoft Visual Studio Solution File, Format Version 12.00
# Visual Studio Version 17
VisualStudioVersion = 17.3.32929.385
MinimumVisualStudioVersion = 10.0.40219.1
Project("{FAE04EC0-301F-11D3-BF4B-00C04F79EFBC}") = "CQRSAndMediatRDemo", "CQRSAndMediatRDemo\CQRSAndMediatRDemo.csproj", "{236D0B50-3DA7-470A-BF0F-A49693DDDB22}"
EndProject
Global
	GlobalSection(SolutionConfigurationPlatforms) = preSolution
		Debug|Any CPU = Debug|Any CPU
		Release|Any CPU = Release|Any CPU
	EndGlobalSection
	GlobalSection(ProjectConfigurationPlatforms) = postSolution
		{236D0B50-3DA7-470A-BF0F-A49693DDDB22}.Debug|Any CPU.ActiveCfg = Debug|Any CPU
		{236D0B50-3DA7-470A-BF0F-A49693DDDB22}.Debug|Any CPU.Build.0 = Debug|Any CPU
		{236D0B50-3DA7-470A-BF0F-A49693DDDB22}.Release|Any CPU.ActiveCfg = Release|Any CPU
		{236D0B50-3DA7-470A-BF0F-A49693DDDB22}.Release|Any CPU.Build.0 = Release|Any CPU
	EndGlobalSection
	GlobalSection(SolutionProperties) = preSolution
		HideSolutionNode = FALSE
	EndGlobalSection
	GlobalSection(ExtensibilityGlobals) = postSolution
		SolutionGuid = {D2CFFE2E-E244-4B55-BF5C-72CFD415D6A6}
	EndGlobalSection
EndGlobal
